
Microsoft Visual Studio Solution File, Format Version 12.00
# Visual Studio 15
VisualStudioVersion = 15.0.28307.902
MinimumVisualStudioVersion = 10.0.40219.1
Project("{FAE04EC0-301F-11D3-BF4B-00C04F79EFBC}") = "WebApplication1", "WebApplication1\WebApplication1.csproj", "{A81B47B3-BB96-49C1-9B9A-C1692DFA8AF1}"
EndProject
Global
	GlobalSection(SolutionConfigurationPlatforms) = preSolution
		Debug|Any CPU = Debug|Any CPU
		Release|Any CPU = Release|Any CPU
	EndGlobalSection
	GlobalSection(ProjectConfigurationPlatforms) = postSolution
		{A81B47B3-BB96-49C1-9B9A-C1692DFA8AF1}.Debug|Any CPU.ActiveCfg = Debug|Any CPU
		{A81B47B3-BB96-49C1-9B9A-C1692DFA8AF1}.Debug|Any CPU.Build.0 = Debug|Any CPU
		{A81B47B3-BB96-49C1-9B9A-C1692DFA8AF1}.Release|Any CPU.ActiveCfg = Release|Any CPU
		{A81B47B3-BB96-49C1-9B9A-C1692DFA8AF1}.Release|Any CPU.Build.0 = Release|Any CPU
	EndGlobalSection
	GlobalSection(SolutionProperties) = preSolution
		HideSolutionNode = FALSE
	EndGlobalSection
	GlobalSection(ExtensibilityGlobals) = postSolution
		SolutionGuid = {B98CBBBC-23B5-4412-836E-FCE82074901E}
	EndGlobalSection
EndGlobal
